
Microsoft Visual Studio Solution File, Format Version 12.00
# Visual Studio Version 16
VisualStudioVersion = 16.0.29424.173
MinimumVisualStudioVersion = 10.0.40219.1
Project("{FAE04EC0-301F-11D3-BF4B-00C04F79EFBC}") = "PhoneApplication", "PhoneApplication.csproj", "{69262AD4-8969-4081-9FB4-508A2C67C9CF}"
EndProject
Global
	GlobalSection(SolutionConfigurationPlatforms) = preSolution
		Debug|Any CPU = Debug|Any CPU
		Release|Any CPU = Release|Any CPU
	EndGlobalSection
	GlobalSection(ProjectConfigurationPlatforms) = postSolution
		{69262AD4-8969-4081-9FB4-508A2C67C9CF}.Debug|Any CPU.ActiveCfg = Debug|Any CPU
		{69262AD4-8969-4081-9FB4-508A2C67C9CF}.Debug|Any CPU.Build.0 = Debug|Any CPU
		{69262AD4-8969-4081-9FB4-508A2C67C9CF}.Release|Any CPU.ActiveCfg = Release|Any CPU
		{69262AD4-8969-4081-9FB4-508A2C67C9CF}.Release|Any CPU.Build.0 = Release|Any CPU
	EndGlobalSection
	GlobalSection(SolutionProperties) = preSolution
		HideSolutionNode = FALSE
	EndGlobalSection
	GlobalSection(ExtensibilityGlobals) = postSolution
		SolutionGuid = {44F1C56B-0C9E-4FE1-82BB-9EDF517483F9}
	EndGlobalSection
EndGlobal
